
Microsoft Visual Studio Solution File, Format Version 12.00
# Visual Studio Version 17
VisualStudioVersion = 17.4.33205.214
MinimumVisualStudioVersion = 10.0.40219.1
Project("{FAE04EC0-301F-11D3-BF4B-00C04F79EFBC}") = "MetamaskExperiments", "MetamaskExperiments\MetamaskExperiments.csproj", "{C9514868-F4F5-4601-B447-FEE524FB8F62}"
EndProject
Global
	GlobalSection(SolutionConfigurationPlatforms) = preSolution
		Debug|Any CPU = Debug|Any CPU
		Release|Any CPU = Release|Any CPU
	EndGlobalSection
	GlobalSection(ProjectConfigurationPlatforms) = postSolution
		{C9514868-F4F5-4601-B447-FEE524FB8F62}.Debug|Any CPU.ActiveCfg = Debug|Any CPU
		{C9514868-F4F5-4601-B447-FEE524FB8F62}.Debug|Any CPU.Build.0 = Debug|Any CPU
		{C9514868-F4F5-4601-B447-FEE524FB8F62}.Release|Any CPU.ActiveCfg = Release|Any CPU
		{C9514868-F4F5-4601-B447-FEE524FB8F62}.Release|Any CPU.Build.0 = Release|Any CPU
	EndGlobalSection
	GlobalSection(SolutionProperties) = preSolution
		HideSolutionNode = FALSE
	EndGlobalSection
	GlobalSection(ExtensibilityGlobals) = postSolution
		SolutionGuid = {BC0BDFCC-7769-4297-99A0-87D4E19DF16D}
	EndGlobalSection
EndGlobal
